
Microsoft Visual Studio Solution File, Format Version 12.00
# Visual Studio 15
VisualStudioVersion = 15.0.27703.2018
MinimumVisualStudioVersion = 10.0.40219.1
Project("{FAE04EC0-301F-11D3-BF4B-00C04F79EFBC}") = "AutomatedTellerMachine", "AutomatedTellerMachine\AutomatedTellerMachine.csproj", "{63273A46-7CF6-47BF-8AA0-D3F1273108D2}"
EndProject
Project("{FAE04EC0-301F-11D3-BF4B-00C04F79EFBC}") = "AutomatedTellerMachine.Tests", "AutomatedTellerMachine.Tests\AutomatedTellerMachine.Tests.csproj", "{291D737D-AB66-4364-B882-E8C8DD04268D}"
EndProject
Global
	GlobalSection(SolutionConfigurationPlatforms) = preSolution
		Debug|Any CPU = Debug|Any CPU
		Release|Any CPU = Release|Any CPU
	EndGlobalSection
	GlobalSection(ProjectConfigurationPlatforms) = postSolution
		{63273A46-7CF6-47BF-8AA0-D3F1273108D2}.Debug|Any CPU.ActiveCfg = Debug|Any CPU
		{63273A46-7CF6-47BF-8AA0-D3F1273108D2}.Debug|Any CPU.Build.0 = Debug|Any CPU
		{63273A46-7CF6-47BF-8AA0-D3F1273108D2}.Release|Any CPU.ActiveCfg = Release|Any CPU
		{63273A46-7CF6-47BF-8AA0-D3F1273108D2}.Release|Any CPU.Build.0 = Release|Any CPU
		{291D737D-AB66-4364-B882-E8C8DD04268D}.Debug|Any CPU.ActiveCfg = Debug|Any CPU
		{291D737D-AB66-4364-B882-E8C8DD04268D}.Debug|Any CPU.Build.0 = Debug|Any CPU
		{291D737D-AB66-4364-B882-E8C8DD04268D}.Release|Any CPU.ActiveCfg = Release|Any CPU
		{291D737D-AB66-4364-B882-E8C8DD04268D}.Release|Any CPU.Build.0 = Release|Any CPU
	EndGlobalSection
	GlobalSection(SolutionProperties) = preSolution
		HideSolutionNode = FALSE
	EndGlobalSection
	GlobalSection(ExtensibilityGlobals) = postSolution
		SolutionGuid = {9D7EC88A-48BB-485D-9654-9AC2C765A671}
	EndGlobalSection
EndGlobal
